
Microsoft Visual Studio Solution File, Format Version 12.00
# Visual Studio Version 16
VisualStudioVersion = 16.0.29411.108
MinimumVisualStudioVersion = 10.0.40219.1
Project("{6EC3EE1D-3C4E-46DD-8F32-0CC8E7565705}") = "Katas.LookAndSay", "Katas.LookAndSay\Katas.LookAndSay.fsproj", "{B5724FF8-9EAE-4FA1-BDFE-88DB3B8BDB55}"
EndProject
Project("{FAE04EC0-301F-11D3-BF4B-00C04F79EFBC}") = "CanIReferenceIt", "CanIReferenceIt\CanIReferenceIt.csproj", "{ECF8B5AB-32B8-427C-BF92-90462E54C174}"
EndProject
Global
	GlobalSection(SolutionConfigurationPlatforms) = preSolution
		Debug|Any CPU = Debug|Any CPU
		Release|Any CPU = Release|Any CPU
	EndGlobalSection
	GlobalSection(ProjectConfigurationPlatforms) = postSolution
		{B5724FF8-9EAE-4FA1-BDFE-88DB3B8BDB55}.Debug|Any CPU.ActiveCfg = Debug|Any CPU
		{B5724FF8-9EAE-4FA1-BDFE-88DB3B8BDB55}.Debug|Any CPU.Build.0 = Debug|Any CPU
		{B5724FF8-9EAE-4FA1-BDFE-88DB3B8BDB55}.Release|Any CPU.ActiveCfg = Release|Any CPU
		{B5724FF8-9EAE-4FA1-BDFE-88DB3B8BDB55}.Release|Any CPU.Build.0 = Release|Any CPU
		{ECF8B5AB-32B8-427C-BF92-90462E54C174}.Debug|Any CPU.ActiveCfg = Debug|Any CPU
		{ECF8B5AB-32B8-427C-BF92-90462E54C174}.Debug|Any CPU.Build.0 = Debug|Any CPU
		{ECF8B5AB-32B8-427C-BF92-90462E54C174}.Release|Any CPU.ActiveCfg = Release|Any CPU
		{ECF8B5AB-32B8-427C-BF92-90462E54C174}.Release|Any CPU.Build.0 = Release|Any CPU
	EndGlobalSection
	GlobalSection(SolutionProperties) = preSolution
		HideSolutionNode = FALSE
	EndGlobalSection
	GlobalSection(ExtensibilityGlobals) = postSolution
		SolutionGuid = {753498D4-9622-4D65-80FA-FC49A06F547E}
	EndGlobalSection
EndGlobal
